// !$*UTF8*$!
{
	archiveVersion = 1;
	classes = {
	};
	objectVersion = 46;
	objects = {

/* Begin PBXBuildFile section */
		E1F9F5A91BEFF33400001261 /* AppDelegate.swift in Sources */ = {isa = PBXBuildFile; fileRef = E1F9F5A81BEFF33400001261 /* AppDelegate.swift */; };
		E1F9F5AB1BEFF33400001261 /* ViewController.swift in Sources */ = {isa = PBXBuildFile; fileRef = E1F9F5AA1BEFF33400001261 /* ViewController.swift */; };
		E1F9F5AE1BEFF33400001261 /* Main.storyboard in Resources */ = {isa = PBXBuildFile; fileRef = E1F9F5AC1BEFF33400001261 /* Main.storyboard */; };
		E1F9F5B01BEFF33400001261 /* Assets.xcassets in Resources */ = {isa = PBXBuildFile; fileRef = E1F9F5AF1BEFF33400001261 /* Assets.xcassets */; };
		E1F9F5B31BEFF33400001261 /* LaunchScreen.storyboard in Resources */ = {isa = PBXBuildFile; fileRef = E1F9F5B11BEFF33400001261 /* LaunchScreen.storyboard */; };
		E1F9F5BC1BEFF49800001261 /* View1.swift in Sources */ = {isa = PBXBuildFile; fileRef = E1F9F5BA1BEFF49800001261 /* View1.swift */; };
		E1F9F5BD1BEFF49800001261 /* View1.xib in Resources */ = {isa = PBXBuildFile; fileRef = E1F9F5BB1BEFF49800001261 /* View1.xib */; };
		E1F9F5C01BEFF75800001261 /* View2.swift in Sources */ = {isa = PBXBuildFile; fileRef = E1F9F5BE1BEFF75800001261 /* View2.swift */; };
		E1F9F5C11BEFF75800001261 /* View2.xib in Resources */ = {isa = PBXBuildFile; fileRef = E1F9F5BF1BEFF75800001261 /* View2.xib */; };
		E1F9F5C41BEFF8E700001261 /* View3.swift in Sources */ = {isa = PBXBuildFile; fileRef = E1F9F5C21BEFF8E700001261 /* View3.swift */; };
		E1F9F5C51BEFF8E700001261 /* View3.xib in Resources */ = {isa = PBXBuildFile; fileRef = E1F9F5C31BEFF8E700001261 /* View3.xib */; };
/* End PBXBuildFile section */

/* Begin PBXFileReference section */
		E1F9F5A51BEFF33400001261 /* swipeMenu.app */ = {isa = PBXFileReference; explicitFileType = wrapper.application; includeInIndex = 0; path = swipeMenu.app; sourceTree = BUILT_PRODUCTS_DIR; };
		E1F9F5A81BEFF33400001261 /* AppDelegate.swift */ = {isa = PBXFileReference; lastKnownFileType = sourcecode.swift; path = AppDelegate.swift; sourceTree = "<group>"; };
		E1F9F5AA1BEFF33400001261 /* ViewController.swift */ = {isa = PBXFileReference; lastKnownFileType = sourcecode.swift; path = ViewController.swift; sourceTree = "<group>"; };
		E1F9F5AD1BEFF33400001261 /* Base */ = {isa = PBXFileReference; lastKnownFileType = file.storyboard; name = Base; path = Base.lproj/Main.storyboard; sourceTree = "<group>"; };
		E1F9F5AF1BEFF33400001261 /* Assets.xcassets */ = {isa = PBXFileReference; lastKnownFileType = folder.assetcatalog; path = Assets.xcassets; sourceTree = "<group>"; };
		E1F9F5B21BEFF33400001261 /* Base */ = {isa = PBXFileReference; lastKnownFileType = file.storyboard; name = Base; path = Base.lproj/LaunchScreen.storyboard; sourceTree = "<group>"; };
		E1F9F5B41BEFF33400001261 /* Info.plist */ = {isa = PBXFileReference; lastKnownFileType = text.plist.xml; path = Info.plist; sourceTree = "<group>"; };
		E1F9F5BA1BEFF49800001261 /* View1.swift */ = {isa = PBXFileReference; fileEncoding = 4; lastKnownFileType = sourcecode.swift; path = View1.swift; sourceTree = "<group>"; };
		E1F9F5BB1BEFF49800001261 /* View1.xib */ = {isa = PBXFileReference; fileEncoding = 4; lastKnownFileType = file.xib; path = View1.xib; sourceTree = "<group>"; };
		E1F9F5BE1BEFF75800001261 /* View2.swift */ = {isa = PBXFileReference; fileEncoding = 4; lastKnownFileType = sourcecode.swift; path = View2.swift; sourceTree = "<group>"; };
		E1F9F5BF1BEFF75800001261 /* View2.xib */ = {isa = PBXFileReference; fileEncoding = 4; lastKnownFileType = file.xib; path = View2.xib; sourceTree = "<group>"; };
		E1F9F5C21BEFF8E700001261 /* View3.swift */ = {isa = PBXFileReference; fileEncoding = 4; lastKnownFileType = sourcecode.swift; path = View3.swift; sourceTree = "<group>"; };
		E1F9F5C31BEFF8E700001261 /* View3.xib */ = {isa = PBXFileReference; fileEncoding = 4; lastKnownFileType = file.xib; path = View3.xib; sourceTree = "<group>"; };
/* End PBXFileReference section */

/* Begin PBXFrameworksBuildPhase section */
		E1F9F5A21BEFF33400001261 /* Frameworks */ = {
			isa = PBXFrameworksBuildPhase;
			buildActionMask = 2147483647;
			files = (
			);
			runOnlyForDeploymentPostprocessing = 0;
		};
/* End PBXFrameworksBuildPhase section */

/* Begin PBXGroup section */
		E1F9F59C1BEFF33400001261 = {
			isa = PBXGroup;
			children = (
				E1F9F5A71BEFF33400001261 /* swipeMenu */,
				E1F9F5A61BEFF33400001261 /* Products */,
			);
			sourceTree = "<group>";
		};
		E1F9F5A61BEFF33400001261 /* Products */ = {
			isa = PBXGroup;
			children = (
				E1F9F5A51BEFF33400001261 /* swipeMenu.app */,
			);
			name = Products;
			sourceTree = "<group>";
		};
		E1F9F5A71BEFF33400001261 /* swipeMenu */ = {
			isa = PBXGroup;
			children = (
				E1F9F5A81BEFF33400001261 /* AppDelegate.swift */,
				E1F9F5AA1BEFF33400001261 /* ViewController.swift */,
				E1F9F5C21BEFF8E700001261 /* View3.swift */,
				E1F9F5C31BEFF8E700001261 /* View3.xib */,
				E1F9F5AC1BEFF33400001261 /* Main.storyboard */,
				E1F9F5BE1BEFF75800001261 /* View2.swift */,
				E1F9F5BF1BEFF75800001261 /* View2.xib */,
				E1F9F5BA1BEFF49800001261 /* View1.swift */,
				E1F9F5BB1BEFF49800001261 /* View1.xib */,
				E1F9F5AF1BEFF33400001261 /* Assets.xcassets */,
				E1F9F5B11BEFF33400001261 /* LaunchScreen.storyboard */,
				E1F9F5B41BEFF33400001261 /* Info.plist */,
			);
			path = swipeMenu;
			sourceTree = "<group>";
		};
/* End PBXGroup section */

/* Begin PBXNativeTarget section */
		E1F9F5A41BEFF33400001261 /* swipeMenu */ = {
			isa = PBXNativeTarget;
			buildConfigurationList = E1F9F5B71BEFF33400001261 /* Build configuration list for PBXNativeTarget "swipeMenu" */;
			buildPhases = (
				E1F9F5A11BEFF33400001261 /* Sources */,
				E1F9F5A21BEFF33400001261 /* Frameworks */,
				E1F9F5A31BEFF33400001261 /* Resources */,
			);
			buildRules = (
			);
			dependencies = (
			);
			name = swipeMenu;
			productName = swipeMenu;
			productReference = E1F9F5A51BEFF33400001261 /* swipeMenu.app */;
			productType = "com.apple.product-type.application";
		};
/* End PBXNativeTarget section */

/* Begin PBXProject section */
		E1F9F59D1BEFF33400001261 /* Project object */ = {
			isa = PBXProject;
			attributes = {
				LastSwiftUpdateCheck = 0710;
				LastUpgradeCheck = 0710;
				ORGANIZATIONNAME = "matthew weintrub";
				TargetAttributes = {
					E1F9F5A41BEFF33400001261 = {
						CreatedOnToolsVersion = 7.1;
					};
				};
			};
			buildConfigurationList = E1F9F5A01BEFF33400001261 /* Build configuration list for PBXProject "swipeMenu" */;
			compatibilityVersion = "Xcode 3.2";
			developmentRegion = English;
			hasScannedForEncodings = 0;
			knownRegions = (
				en,
				Base,
			);
			mainGroup = E1F9F59C1BEFF33400001261;
			productRefGroup = E1F9F5A61BEFF33400001261 /* Products */;
			projectDirPath = "";
			projectRoot = "";
			targets = (
				E1F9F5A41BEFF33400001261 /* swipeMenu */,
			);
		};
/* End PBXProject section */

/* Begin PBXResourcesBuildPhase section */
		E1F9F5A31BEFF33400001261 /* Resources */ = {
			isa = PBXResourcesBuildPhase;
			buildActionMask = 2147483647;
			files = (
				E1F9F5B31BEFF33400001261 /* LaunchScreen.storyboard in Resources */,
				E1F9F5B01BEFF33400001261 /* Assets.xcassets in Resources */,
				E1F9F5C51BEFF8E700001261 /* View3.xib in Resources */,
				E1F9F5BD1BEFF49800001261 /* View1.xib in Resources */,
				E1F9F5C11BEFF75800001261 /* View2.xib in Resources */,
				E1F9F5AE1BEFF33400001261 /* Main.storyboard in Resources */,
			);
			runOnlyForDeploymentPostprocessing = 0;
		};
/* End PBXResourcesBuildPhase section */

/* Begin PBXSourcesBuildPhase section */
		E1F9F5A11BEFF33400001261 /* Sources */ = {
			isa = PBXSourcesBuildPhase;
			buildActionMask = 2147483647;
			files = (
				E1F9F5AB1BEFF33400001261 /* ViewController.swift in Sources */,
				E1F9F5C41BEFF8E700001261 /* View3.swift in Sources */,
				E1F9F5BC1BEFF49800001261 /* View1.swift in Sources */,
				E1F9F5A91BEFF33400001261 /* AppDelegate.swift in Sources */,
				E1F9F5C01BEFF75800001261 /* View2.swift in Sources */,
			);
			runOnlyForDeploymentPostprocessing = 0;
		};
/* End PBXSourcesBuildPhase section */

/* Begin PBXVariantGroup section */
		E1F9F5AC1BEFF33400001261 /* Main.storyboard */ = {
			isa = PBXVariantGroup;
			children = (
				E1F9F5AD1BEFF33400001261 /* Base */,
			);
			name = Main.storyboard;
			sourceTree = "<group>";
		};
		E1F9F5B11BEFF33400001261 /* LaunchScreen.storyboard */ = {
			isa = PBXVariantGroup;
			children = (
				E1F9F5B21BEFF33400001261 /* Base */,
			);
			name = LaunchScreen.storyboard;
			sourceTree = "<group>";
		};
/* End PBXVariantGroup section */

/* Begin XCBuildConfiguration section */
		E1F9F5B51BEFF33400001261 /* Debug */ = {
			isa = XCBuildConfiguration;
			buildSettings = {
				ALWAYS_SEARCH_USER_PATHS = NO;
				CLANG_CXX_LANGUAGE_STANDARD = "gnu++0x";
				CLANG_CXX_LIBRARY = "libc++";
				CLANG_ENABLE_MODULES = YES;
				CLANG_ENABLE_OBJC_ARC = YES;
				CLANG_WARN_BOOL_CONVERSION = YES;
				CLANG_WARN_CONSTANT_CONVERSION = YES;
				CLANG_WARN_DIRECT_OBJC_ISA_USAGE = YES_ERROR;
				CLANG_WARN_EMPTY_BODY = YES;
				CLANG_WARN_ENUM_CONVERSION = YES;
				CLANG_WARN_INT_CONVERSION = YES;
				CLANG_WARN_OBJC_ROOT_CLASS = YES_ERROR;
				CLANG_WARN_UNREACHABLE_CODE = YES;
				CLANG_WARN__DUPLICATE_METHOD_MATCH = YES;
				"CODE_SIGN_IDENTITY[sdk=iphoneos*]" = "iPhone Developer";
				COPY_PHASE_STRIP = NO;
				DEBUG_INFORMATION_FORMAT = dwarf;
				ENABLE_STRICT_OBJC_MSGSEND = YES;
				ENABLE_TESTABILITY = YES;
				GCC_C_LANGUAGE_STANDARD = gnu99;
				GCC_DYNAMIC_NO_PIC = NO;
				GCC_NO_COMMON_BLOCKS = YES;
				GCC_OPTIMIZATION_LEVEL = 0;
				GCC_PREPROCESSOR_DEFINITIONS = (
					"DEBUG=1",
					"$(inherited)",
				);
				GCC_WARN_64_TO_32_BIT_CONVERSION = YES;
				GCC_WARN_ABOUT_RETURN_TYPE = YES_ERROR;
				GCC_WARN_UNDECLARED_SELECTOR = YES;
				GCC_WARN_UNINITIALIZED_AUTOS = YES_AGGRESSIVE;
				GCC_WARN_UNUSED_FUNCTION = YES;
				GCC_WARN_UNUSED_VARIABLE = YES;
				IPHONEOS_DEPLOYMENT_TARGET = 9.1;
				MTL_ENABLE_DEBUG_INFO = YES;
				ONLY_ACTIVE_ARCH = YES;
				SDKROOT = iphoneos;
				SWIFT_OPTIMIZATION_LEVEL = "-Onone";
				TARGETED_DEVICE_FAMILY = "1,2";
			};
			name = Debug;
		};
		E1F9F5B61BEFF33400001261 /* Release */ = {
			isa = XCBuildConfiguration;
			buildSettings = {
				ALWAYS_SEARCH_USER_PATHS = NO;
				CLANG_CXX_LANGUAGE_STANDARD = "gnu++0x";
				CLANG_CXX_LIBRARY = "libc++";
				CLANG_ENABLE_MODULES = YES;
				CLANG_ENABLE_OBJC_ARC = YES;
				CLANG_WARN_BOOL_CONVERSION = YES;
				CLANG_WARN_CONSTANT_CONVERSION = YES;
				CLANG_WARN_DIRECT_OBJC_ISA_USAGE = YES_ERROR;
				CLANG_WARN_EMPTY_BODY = YES;
				CLANG_WARN_ENUM_CONVERSION = YES;
				CLANG_WARN_INT_CONVERSION = YES;
				CLANG_WARN_OBJC_ROOT_CLASS = YES_ERROR;
				CLANG_WARN_UNREACHABLE_CODE = YES;
				CLANG_WARN__DUPLICATE_METHOD_MATCH = YES;
				"CODE_SIGN_IDENTITY[sdk=iphoneos*]" = "iPhone Developer";
				COPY_PHASE_STRIP = NO;
				DEBUG_INFORMATION_FORMAT = "dwarf-with-dsym";
				ENABLE_NS_ASSERTIONS = NO;
				ENABLE_STRICT_OBJC_MSGSEND = YES;
				GCC_C_LANGUAGE_STANDARD = gnu99;
				GCC_NO_COMMON_BLOCKS = YES;
				GCC_WARN_64_TO_32_BIT_CONVERSION = YES;
				GCC_WARN_ABOUT_RETURN_TYPE = YES_ERROR;
				GCC_WARN_UNDECLARED_SELECTOR = YES;
				GCC_WARN_UNINITIALIZED_AUTOS = YES_AGGRESSIVE;
				GCC_WARN_UNUSED_FUNCTION = YES;
				GCC_WARN_UNUSED_VARIABLE = YES;
				IPHONEOS_DEPLOYMENT_TARGET = 9.1;
				MTL_ENABLE_DEBUG_INFO = NO;
				SDKROOT = iphoneos;
				TARGETED_DEVICE_FAMILY = "1,2";
				VALIDATE_PRODUCT = YES;
			};
			name = Release;
		};
		E1F9F5B81BEFF33400001261 /* Debug */ = {
			isa = XCBuildConfiguration;
			buildSettings = {
				ASSETCATALOG_COMPILER_APPICON_NAME = AppIcon;
				INFOPLIST_FILE = swipeMenu/Info.plist;
				LD_RUNPATH_SEARCH_PATHS = "$(inherited) @executable_path/Frameworks";
				PRODUCT_BUNDLE_IDENTIFIER = com.trub.swipeMenu;
				PRODUCT_NAME = "$(TARGET_NAME)";
			};
			name = Debug;
		};
		E1F9F5B91BEFF33400001261 /* Release */ = {
			isa = XCBuildConfiguration;
			buildSettings = {
				ASSETCATALOG_COMPILER_APPICON_NAME = AppIcon;
				INFOPLIST_FILE = swipeMenu/Info.plist;
				LD_RUNPATH_SEARCH_PATHS = "$(inherited) @executable_path/Frameworks";
				PRODUCT_BUNDLE_IDENTIFIER = com.trub.swipeMenu;
				PRODUCT_NAME = "$(TARGET_NAME)";
			};
			name = Release;
		};
/* End XCBuildConfiguration section */

/* Begin XCConfigurationList section */
		E1F9F5A01BEFF33400001261 /* Build configuration list for PBXProject "swipeMenu" */ = {
			isa = XCConfigurationList;
			buildConfigurations = (
				E1F9F5B51BEFF33400001261 /* Debug */,
				E1F9F5B61BEFF33400001261 /* Release */,
			);
			defaultConfigurationIsVisible = 0;
			defaultConfigurationName = Release;
		};
		E1F9F5B71BEFF33400001261 /* Build configuration list for PBXNativeTarget "swipeMenu" */ = {
			isa = XCConfigurationList;
			buildConfigurations = (
				E1F9F5B81BEFF33400001261 /* Debug */,
				E1F9F5B91BEFF33400001261 /* Release */,
			);
			defaultConfigurationIsVisible = 0;
			defaultConfigurationName = Release;
		};
/* End XCConfigurationList section */
	};
	rootObject = E1F9F59D1BEFF33400001261 /* Project object */;
}
